
Microsoft Visual Studio Solution File, Format Version 12.00
# Visual Studio Version 17
VisualStudioVersion = 17.7.34031.279
MinimumVisualStudioVersion = 10.0.40219.1
Project("{9A19103F-16F7-4668-BE54-9A1E7A4F7556}") = "14LAB", "14LAB\14LAB.csproj", "{C02A35A7-E63B-463A-9184-5A7D0C2ED646}"
EndProject
Project("{FAE04EC0-301F-11D3-BF4B-00C04F79EFBC}") = "TestProjectQueries", "TestProjectQueries\TestProjectQueries.csproj", "{F24E215F-1457-43CB-ADC7-C8A5A6E7EA32}"
EndProject
Global
	GlobalSection(SolutionConfigurationPlatforms) = preSolution
		Debug|Any CPU = Debug|Any CPU
		Release|Any CPU = Release|Any CPU
	EndGlobalSection
	GlobalSection(ProjectConfigurationPlatforms) = postSolution
		{C02A35A7-E63B-463A-9184-5A7D0C2ED646}.Debug|Any CPU.ActiveCfg = Debug|Any CPU
		{C02A35A7-E63B-463A-9184-5A7D0C2ED646}.Debug|Any CPU.Build.0 = Debug|Any CPU
		{C02A35A7-E63B-463A-9184-5A7D0C2ED646}.Release|Any CPU.ActiveCfg = Release|Any CPU
		{C02A35A7-E63B-463A-9184-5A7D0C2ED646}.Release|Any CPU.Build.0 = Release|Any CPU
		{F24E215F-1457-43CB-ADC7-C8A5A6E7EA32}.Debug|Any CPU.ActiveCfg = Debug|Any CPU
		{F24E215F-1457-43CB-ADC7-C8A5A6E7EA32}.Debug|Any CPU.Build.0 = Debug|Any CPU
		{F24E215F-1457-43CB-ADC7-C8A5A6E7EA32}.Release|Any CPU.ActiveCfg = Release|Any CPU
		{F24E215F-1457-43CB-ADC7-C8A5A6E7EA32}.Release|Any CPU.Build.0 = Release|Any CPU
	EndGlobalSection
	GlobalSection(SolutionProperties) = preSolution
		HideSolutionNode = FALSE
	EndGlobalSection
	GlobalSection(ExtensibilityGlobals) = postSolution
		SolutionGuid = {F698CE5A-37EB-4142-9A49-8559E4435C0B}
	EndGlobalSection
EndGlobal
